// !$*UTF8*$!
{
	archiveVersion = 1;
	classes = {
	};
	objectVersion = 46;
	objects = {

/* Begin PBXBuildFile section */
		F869682F1DABE13100DE0C3E /* AppDelegate.swift in Sources */ = {isa = PBXBuildFile; fileRef = F869682E1DABE13100DE0C3E /* AppDelegate.swift */; };
		F86968311DABE13100DE0C3E /* ViewController.swift in Sources */ = {isa = PBXBuildFile; fileRef = F86968301DABE13100DE0C3E /* ViewController.swift */; };
		F86968341DABE13100DE0C3E /* Main.storyboard in Resources */ = {isa = PBXBuildFile; fileRef = F86968321DABE13100DE0C3E /* Main.storyboard */; };
		F86968361DABE13100DE0C3E /* Assets.xcassets in Resources */ = {isa = PBXBuildFile; fileRef = F86968351DABE13100DE0C3E /* Assets.xcassets */; };
		F86968391DABE13100DE0C3E /* LaunchScreen.storyboard in Resources */ = {isa = PBXBuildFile; fileRef = F86968371DABE13100DE0C3E /* LaunchScreen.storyboard */; };
		F86968441DABE13100DE0C3E /* DestroyTheWorldTests.swift in Sources */ = {isa = PBXBuildFile; fileRef = F86968431DABE13100DE0C3E /* DestroyTheWorldTests.swift */; };
/* End PBXBuildFile section */

/* Begin PBXContainerItemProxy section */
		F86968401DABE13100DE0C3E /* PBXContainerItemProxy */ = {
			isa = PBXContainerItemProxy;
			containerPortal = F86968231DABE12F00DE0C3E /* Project object */;
			proxyType = 1;
			remoteGlobalIDString = F869682A1DABE12F00DE0C3E;
			remoteInfo = DestroyTheWorld;
		};
/* End PBXContainerItemProxy section */

/* Begin PBXFileReference section */
		F869682B1DABE13100DE0C3E /* DestroyTheWorld.app */ = {isa = PBXFileReference; explicitFileType = wrapper.application; includeInIndex = 0; path = DestroyTheWorld.app; sourceTree = BUILT_PRODUCTS_DIR; };
		F869682E1DABE13100DE0C3E /* AppDelegate.swift */ = {isa = PBXFileReference; lastKnownFileType = sourcecode.swift; path = AppDelegate.swift; sourceTree = "<group>"; };
		F86968301DABE13100DE0C3E /* ViewController.swift */ = {isa = PBXFileReference; lastKnownFileType = sourcecode.swift; path = ViewController.swift; sourceTree = "<group>"; };
		F86968331DABE13100DE0C3E /* Base */ = {isa = PBXFileReference; lastKnownFileType = file.storyboard; name = Base; path = Base.lproj/Main.storyboard; sourceTree = "<group>"; };
		F86968351DABE13100DE0C3E /* Assets.xcassets */ = {isa = PBXFileReference; lastKnownFileType = folder.assetcatalog; path = Assets.xcassets; sourceTree = "<group>"; };
		F86968381DABE13100DE0C3E /* Base */ = {isa = PBXFileReference; lastKnownFileType = file.storyboard; name = Base; path = Base.lproj/LaunchScreen.storyboard; sourceTree = "<group>"; };
		F869683A1DABE13100DE0C3E /* Info.plist */ = {isa = PBXFileReference; lastKnownFileType = text.plist.xml; path = Info.plist; sourceTree = "<group>"; };
		F869683F1DABE13100DE0C3E /* DestroyTheWorldTests.xctest */ = {isa = PBXFileReference; explicitFileType = wrapper.cfbundle; includeInIndex = 0; path = DestroyTheWorldTests.xctest; sourceTree = BUILT_PRODUCTS_DIR; };
		F86968431DABE13100DE0C3E /* DestroyTheWorldTests.swift */ = {isa = PBXFileReference; lastKnownFileType = sourcecode.swift; path = DestroyTheWorldTests.swift; sourceTree = "<group>"; };
		F86968451DABE13100DE0C3E /* Info.plist */ = {isa = PBXFileReference; lastKnownFileType = text.plist.xml; path = Info.plist; sourceTree = "<group>"; };
/* End PBXFileReference section */

/* Begin PBXFrameworksBuildPhase section */
		F86968281DABE12F00DE0C3E /* Frameworks */ = {
			isa = PBXFrameworksBuildPhase;
			buildActionMask = 2147483647;
			files = (
			);
			runOnlyForDeploymentPostprocessing = 0;
		};
		F869683C1DABE13100DE0C3E /* Frameworks */ = {
			isa = PBXFrameworksBuildPhase;
			buildActionMask = 2147483647;
			files = (
			);
			runOnlyForDeploymentPostprocessing = 0;
		};
/* End PBXFrameworksBuildPhase section */

/* Begin PBXGroup section */
		F86968221DABE12F00DE0C3E = {
			isa = PBXGroup;
			children = (
				F869682D1DABE13100DE0C3E /* DestroyTheWorld */,
				F86968421DABE13100DE0C3E /* DestroyTheWorldTests */,
				F869682C1DABE13100DE0C3E /* Products */,
			);
			sourceTree = "<group>";
		};
		F869682C1DABE13100DE0C3E /* Products */ = {
			isa = PBXGroup;
			children = (
				F869682B1DABE13100DE0C3E /* DestroyTheWorld.app */,
				F869683F1DABE13100DE0C3E /* DestroyTheWorldTests.xctest */,
			);
			name = Products;
			sourceTree = "<group>";
		};
		F869682D1DABE13100DE0C3E /* DestroyTheWorld */ = {
			isa = PBXGroup;
			children = (
				F869682E1DABE13100DE0C3E /* AppDelegate.swift */,
				F86968301DABE13100DE0C3E /* ViewController.swift */,
				F86968321DABE13100DE0C3E /* Main.storyboard */,
				F86968351DABE13100DE0C3E /* Assets.xcassets */,
				F86968371DABE13100DE0C3E /* LaunchScreen.storyboard */,
				F869683A1DABE13100DE0C3E /* Info.plist */,
			);
			path = DestroyTheWorld;
			sourceTree = "<group>";
		};
		F86968421DABE13100DE0C3E /* DestroyTheWorldTests */ = {
			isa = PBXGroup;
			children = (
				F86968431DABE13100DE0C3E /* DestroyTheWorldTests.swift */,
				F86968451DABE13100DE0C3E /* Info.plist */,
			);
			path = DestroyTheWorldTests;
			sourceTree = "<group>";
		};
/* End PBXGroup section */

/* Begin PBXNativeTarget section */
		F869682A1DABE12F00DE0C3E /* DestroyTheWorld */ = {
			isa = PBXNativeTarget;
			buildConfigurationList = F86968481DABE13100DE0C3E /* Build configuration list for PBXNativeTarget "DestroyTheWorld" */;
			buildPhases = (
				F86968271DABE12F00DE0C3E /* Sources */,
				F86968281DABE12F00DE0C3E /* Frameworks */,
				F86968291DABE12F00DE0C3E /* Resources */,
			);
			buildRules = (
			);
			dependencies = (
			);
			name = DestroyTheWorld;
			productName = DestroyTheWorld;
			productReference = F869682B1DABE13100DE0C3E /* DestroyTheWorld.app */;
			productType = "com.apple.product-type.application";
		};
		F869683E1DABE13100DE0C3E /* DestroyTheWorldTests */ = {
			isa = PBXNativeTarget;
			buildConfigurationList = F869684B1DABE13100DE0C3E /* Build configuration list for PBXNativeTarget "DestroyTheWorldTests" */;
			buildPhases = (
				F869683B1DABE13100DE0C3E /* Sources */,
				F869683C1DABE13100DE0C3E /* Frameworks */,
				F869683D1DABE13100DE0C3E /* Resources */,
			);
			buildRules = (
			);
			dependencies = (
				F86968411DABE13100DE0C3E /* PBXTargetDependency */,
			);
			name = DestroyTheWorldTests;
			productName = DestroyTheWorldTests;
			productReference = F869683F1DABE13100DE0C3E /* DestroyTheWorldTests.xctest */;
			productType = "com.apple.product-type.bundle.unit-test";
		};
/* End PBXNativeTarget section */

/* Begin PBXProject section */
		F86968231DABE12F00DE0C3E /* Project object */ = {
			isa = PBXProject;
			attributes = {
				LastSwiftUpdateCheck = 0800;
				LastUpgradeCheck = 0800;
				ORGANIZATIONNAME = "Matěj Simota";
				TargetAttributes = {
					F869682A1DABE12F00DE0C3E = {
						CreatedOnToolsVersion = 8.0;
						ProvisioningStyle = Automatic;
					};
					F869683E1DABE13100DE0C3E = {
						CreatedOnToolsVersion = 8.0;
						ProvisioningStyle = Automatic;
						TestTargetID = F869682A1DABE12F00DE0C3E;
					};
				};
			};
			buildConfigurationList = F86968261DABE12F00DE0C3E /* Build configuration list for PBXProject "DestroyTheWorld" */;
			compatibilityVersion = "Xcode 3.2";
			developmentRegion = English;
			hasScannedForEncodings = 0;
			knownRegions = (
				en,
				Base,
			);
			mainGroup = F86968221DABE12F00DE0C3E;
			productRefGroup = F869682C1DABE13100DE0C3E /* Products */;
			projectDirPath = "";
			projectRoot = "";
			targets = (
				F869682A1DABE12F00DE0C3E /* DestroyTheWorld */,
				F869683E1DABE13100DE0C3E /* DestroyTheWorldTests */,
			);
		};
/* End PBXProject section */

/* Begin PBXResourcesBuildPhase section */
		F86968291DABE12F00DE0C3E /* Resources */ = {
			isa = PBXResourcesBuildPhase;
			buildActionMask = 2147483647;
			files = (
				F86968391DABE13100DE0C3E /* LaunchScreen.storyboard in Resources */,
				F86968361DABE13100DE0C3E /* Assets.xcassets in Resources */,
				F86968341DABE13100DE0C3E /* Main.storyboard in Resources */,
			);
			runOnlyForDeploymentPostprocessing = 0;
		};
		F869683D1DABE13100DE0C3E /* Resources */ = {
			isa = PBXResourcesBuildPhase;
			buildActionMask = 2147483647;
			files = (
			);
			runOnlyForDeploymentPostprocessing = 0;
		};
/* End PBXResourcesBuildPhase section */

/* Begin PBXSourcesBuildPhase section */
		F86968271DABE12F00DE0C3E /* Sources */ = {
			isa = PBXSourcesBuildPhase;
			buildActionMask = 2147483647;
			files = (
				F86968311DABE13100DE0C3E /* ViewController.swift in Sources */,
				F869682F1DABE13100DE0C3E /* AppDelegate.swift in Sources */,
			);
			runOnlyForDeploymentPostprocessing = 0;
		};
		F869683B1DABE13100DE0C3E /* Sources */ = {
			isa = PBXSourcesBuildPhase;
			buildActionMask = 2147483647;
			files = (
				F86968441DABE13100DE0C3E /* DestroyTheWorldTests.swift in Sources */,
			);
			runOnlyForDeploymentPostprocessing = 0;
		};
/* End PBXSourcesBuildPhase section */

/* Begin PBXTargetDependency section */
		F86968411DABE13100DE0C3E /* PBXTargetDependency */ = {
			isa = PBXTargetDependency;
			target = F869682A1DABE12F00DE0C3E /* DestroyTheWorld */;
			targetProxy = F86968401DABE13100DE0C3E /* PBXContainerItemProxy */;
		};
/* End PBXTargetDependency section */

/* Begin PBXVariantGroup section */
		F86968321DABE13100DE0C3E /* Main.storyboard */ = {
			isa = PBXVariantGroup;
			children = (
				F86968331DABE13100DE0C3E /* Base */,
			);
			name = Main.storyboard;
			sourceTree = "<group>";
		};
		F86968371DABE13100DE0C3E /* LaunchScreen.storyboard */ = {
			isa = PBXVariantGroup;
			children = (
				F86968381DABE13100DE0C3E /* Base */,
			);
			name = LaunchScreen.storyboard;
			sourceTree = "<group>";
		};
/* End PBXVariantGroup section */

/* Begin XCBuildConfiguration section */
		F86968461DABE13100DE0C3E /* Debug */ = {
			isa = XCBuildConfiguration;
			buildSettings = {
				ALWAYS_SEARCH_USER_PATHS = NO;
				CLANG_ANALYZER_NONNULL = YES;
				CLANG_CXX_LANGUAGE_STANDARD = "gnu++0x";
				CLANG_CXX_LIBRARY = "libc++";
				CLANG_ENABLE_MODULES = YES;
				CLANG_ENABLE_OBJC_ARC = YES;
				CLANG_WARN_BOOL_CONVERSION = YES;
				CLANG_WARN_CONSTANT_CONVERSION = YES;
				CLANG_WARN_DIRECT_OBJC_ISA_USAGE = YES_ERROR;
				CLANG_WARN_DOCUMENTATION_COMMENTS = YES;
				CLANG_WARN_EMPTY_BODY = YES;
				CLANG_WARN_ENUM_CONVERSION = YES;
				CLANG_WARN_INFINITE_RECURSION = YES;
				CLANG_WARN_INT_CONVERSION = YES;
				CLANG_WARN_OBJC_ROOT_CLASS = YES_ERROR;
				CLANG_WARN_SUSPICIOUS_MOVES = YES;
				CLANG_WARN_UNREACHABLE_CODE = YES;
				CLANG_WARN__DUPLICATE_METHOD_MATCH = YES;
				"CODE_SIGN_IDENTITY[sdk=iphoneos*]" = "iPhone Developer";
				COPY_PHASE_STRIP = NO;
				DEBUG_INFORMATION_FORMAT = dwarf;
				ENABLE_STRICT_OBJC_MSGSEND = YES;
				ENABLE_TESTABILITY = YES;
				GCC_C_LANGUAGE_STANDARD = gnu99;
				GCC_DYNAMIC_NO_PIC = NO;
				GCC_NO_COMMON_BLOCKS = YES;
				GCC_OPTIMIZATION_LEVEL = 0;
				GCC_PREPROCESSOR_DEFINITIONS = (
					"DEBUG=1",
					"$(inherited)",
				);
				GCC_WARN_64_TO_32_BIT_CONVERSION = YES;
				GCC_WARN_ABOUT_RETURN_TYPE = YES_ERROR;
				GCC_WARN_UNDECLARED_SELECTOR = YES;
				GCC_WARN_UNINITIALIZED_AUTOS = YES_AGGRESSIVE;
				GCC_WARN_UNUSED_FUNCTION = YES;
				GCC_WARN_UNUSED_VARIABLE = YES;
				IPHONEOS_DEPLOYMENT_TARGET = 10.0;
				MTL_ENABLE_DEBUG_INFO = YES;
				ONLY_ACTIVE_ARCH = YES;
				SDKROOT = iphoneos;
				SWIFT_ACTIVE_COMPILATION_CONDITIONS = DEBUG;
				SWIFT_OPTIMIZATION_LEVEL = "-Onone";
			};
			name = Debug;
		};
		F86968471DABE13100DE0C3E /* Release */ = {
			isa = XCBuildConfiguration;
			buildSettings = {
				ALWAYS_SEARCH_USER_PATHS = NO;
				CLANG_ANALYZER_NONNULL = YES;
				CLANG_CXX_LANGUAGE_STANDARD = "gnu++0x";
				CLANG_CXX_LIBRARY = "libc++";
				CLANG_ENABLE_MODULES = YES;
				CLANG_ENABLE_OBJC_ARC = YES;
				CLANG_WARN_BOOL_CONVERSION = YES;
				CLANG_WARN_CONSTANT_CONVERSION = YES;
				CLANG_WARN_DIRECT_OBJC_ISA_USAGE = YES_ERROR;
				CLANG_WARN_DOCUMENTATION_COMMENTS = YES;
				CLANG_WARN_EMPTY_BODY = YES;
				CLANG_WARN_ENUM_CONVERSION = YES;
				CLANG_WARN_INFINITE_RECURSION = YES;
				CLANG_WARN_INT_CONVERSION = YES;
				CLANG_WARN_OBJC_ROOT_CLASS = YES_ERROR;
				CLANG_WARN_SUSPICIOUS_MOVES = YES;
				CLANG_WARN_UNREACHABLE_CODE = YES;
				CLANG_WARN__DUPLICATE_METHOD_MATCH = YES;
				"CODE_SIGN_IDENTITY[sdk=iphoneos*]" = "iPhone Developer";
				COPY_PHASE_STRIP = NO;
				DEBUG_INFORMATION_FORMAT = "dwarf-with-dsym";
				ENABLE_NS_ASSERTIONS = NO;
				ENABLE_STRICT_OBJC_MSGSEND = YES;
				GCC_C_LANGUAGE_STANDARD = gnu99;
				GCC_NO_COMMON_BLOCKS = YES;
				GCC_WARN_64_TO_32_BIT_CONVERSION = YES;
				GCC_WARN_ABOUT_RETURN_TYPE = YES_ERROR;
				GCC_WARN_UNDECLARED_SELECTOR = YES;
				GCC_WARN_UNINITIALIZED_AUTOS = YES_AGGRESSIVE;
				GCC_WARN_UNUSED_FUNCTION = YES;
				GCC_WARN_UNUSED_VARIABLE = YES;
				IPHONEOS_DEPLOYMENT_TARGET = 10.0;
				MTL_ENABLE_DEBUG_INFO = NO;
				SDKROOT = iphoneos;
				SWIFT_OPTIMIZATION_LEVEL = "-Owholemodule";
				VALIDATE_PRODUCT = YES;
			};
			name = Release;
		};
		F86968491DABE13100DE0C3E /* Debug */ = {
			isa = XCBuildConfiguration;
			buildSettings = {
				ASSETCATALOG_COMPILER_APPICON_NAME = AppIcon;
				INFOPLIST_FILE = DestroyTheWorld/Info.plist;
				LD_RUNPATH_SEARCH_PATHS = "$(inherited) @executable_path/Frameworks";
				PRODUCT_BUNDLE_IDENTIFIER = Synthetic.DestroyTheWorld;
				PRODUCT_NAME = "$(TARGET_NAME)";
				SWIFT_VERSION = 3.0;
			};
			name = Debug;
		};
		F869684A1DABE13100DE0C3E /* Release */ = {
			isa = XCBuildConfiguration;
			buildSettings = {
				ASSETCATALOG_COMPILER_APPICON_NAME = AppIcon;
				INFOPLIST_FILE = DestroyTheWorld/Info.plist;
				LD_RUNPATH_SEARCH_PATHS = "$(inherited) @executable_path/Frameworks";
				PRODUCT_BUNDLE_IDENTIFIER = Synthetic.DestroyTheWorld;
				PRODUCT_NAME = "$(TARGET_NAME)";
				SWIFT_VERSION = 3.0;
			};
			name = Release;
		};
		F869684C1DABE13100DE0C3E /* Debug */ = {
			isa = XCBuildConfiguration;
			buildSettings = {
				ALWAYS_EMBED_SWIFT_STANDARD_LIBRARIES = YES;
				BUNDLE_LOADER = "$(TEST_HOST)";
				INFOPLIST_FILE = DestroyTheWorldTests/Info.plist;
				LD_RUNPATH_SEARCH_PATHS = "$(inherited) @executable_path/Frameworks @loader_path/Frameworks";
				PRODUCT_BUNDLE_IDENTIFIER = Synthetic.DestroyTheWorldTests;
				PRODUCT_NAME = "$(TARGET_NAME)";
				SWIFT_VERSION = 3.0;
				TEST_HOST = "$(BUILT_PRODUCTS_DIR)/DestroyTheWorld.app/DestroyTheWorld";
			};
			name = Debug;
		};
		F869684D1DABE13100DE0C3E /* Release */ = {
			isa = XCBuildConfiguration;
			buildSettings = {
				ALWAYS_EMBED_SWIFT_STANDARD_LIBRARIES = YES;
				BUNDLE_LOADER = "$(TEST_HOST)";
				INFOPLIST_FILE = DestroyTheWorldTests/Info.plist;
				LD_RUNPATH_SEARCH_PATHS = "$(inherited) @executable_path/Frameworks @loader_path/Frameworks";
				PRODUCT_BUNDLE_IDENTIFIER = Synthetic.DestroyTheWorldTests;
				PRODUCT_NAME = "$(TARGET_NAME)";
				SWIFT_VERSION = 3.0;
				TEST_HOST = "$(BUILT_PRODUCTS_DIR)/DestroyTheWorld.app/DestroyTheWorld";
			};
			name = Release;
		};
/* End XCBuildConfiguration section */

/* Begin XCConfigurationList section */
		F86968261DABE12F00DE0C3E /* Build configuration list for PBXProject "DestroyTheWorld" */ = {
			isa = XCConfigurationList;
			buildConfigurations = (
				F86968461DABE13100DE0C3E /* Debug */,
				F86968471DABE13100DE0C3E /* Release */,
			);
			defaultConfigurationIsVisible = 0;
			defaultConfigurationName = Release;
		};
		F86968481DABE13100DE0C3E /* Build configuration list for PBXNativeTarget "DestroyTheWorld" */ = {
			isa = XCConfigurationList;
			buildConfigurations = (
				F86968491DABE13100DE0C3E /* Debug */,
				F869684A1DABE13100DE0C3E /* Release */,
			);
			defaultConfigurationIsVisible = 0;
		};
		F869684B1DABE13100DE0C3E /* Build configuration list for PBXNativeTarget "DestroyTheWorldTests" */ = {
			isa = XCConfigurationList;
			buildConfigurations = (
				F869684C1DABE13100DE0C3E /* Debug */,
				F869684D1DABE13100DE0C3E /* Release */,
			);
			defaultConfigurationIsVisible = 0;
		};
/* End XCConfigurationList section */
	};
	rootObject = F86968231DABE12F00DE0C3E /* Project object */;
}
